
Microsoft Visual Studio Solution File, Format Version 12.00
# Visual Studio Version 17
VisualStudioVersion = 17.8.34525.116
MinimumVisualStudioVersion = 10.0.40219.1
Project("{FAE04EC0-301F-11D3-BF4B-00C04F79EFBC}") = "RunGroopWebApp", "RunGroopWebApp\RunGroopWebApp.csproj", "{6DB348D5-4E14-4AB8-8F04-45B6B5127910}"
EndProject
Global
	GlobalSection(SolutionConfigurationPlatforms) = preSolution
		Debug|Any CPU = Debug|Any CPU
		Release|Any CPU = Release|Any CPU
	EndGlobalSection
	GlobalSection(ProjectConfigurationPlatforms) = postSolution
		{6DB348D5-4E14-4AB8-8F04-45B6B5127910}.Debug|Any CPU.ActiveCfg = Debug|Any CPU
		{6DB348D5-4E14-4AB8-8F04-45B6B5127910}.Debug|Any CPU.Build.0 = Debug|Any CPU
		{6DB348D5-4E14-4AB8-8F04-45B6B5127910}.Release|Any CPU.ActiveCfg = Release|Any CPU
		{6DB348D5-4E14-4AB8-8F04-45B6B5127910}.Release|Any CPU.Build.0 = Release|Any CPU
	EndGlobalSection
	GlobalSection(SolutionProperties) = preSolution
		HideSolutionNode = FALSE
	EndGlobalSection
	GlobalSection(ExtensibilityGlobals) = postSolution
		SolutionGuid = {36292C3D-0D8A-4847-ACF5-727DA9C88408}
	EndGlobalSection
EndGlobal
